
Microsoft Visual Studio Solution File, Format Version 12.00
# Visual Studio Version 17
VisualStudioVersion = 17.6.33829.357
MinimumVisualStudioVersion = 10.0.40219.1
Project("{8BC9CEB8-8B4A-11D0-8D11-00A0C91BC942}") = "tutoring2", "tutoring2\tutoring2.vcxproj", "{34BFE432-CBF7-4DC4-9F7D-45BEC5024D5F}"
EndProject
Global
	GlobalSection(SolutionConfigurationPlatforms) = preSolution
		Debug|x64 = Debug|x64
		Debug|x86 = Debug|x86
		Release|x64 = Release|x64
		Release|x86 = Release|x86
	EndGlobalSection
	GlobalSection(ProjectConfigurationPlatforms) = postSolution
		{34BFE432-CBF7-4DC4-9F7D-45BEC5024D5F}.Debug|x64.ActiveCfg = Debug|x64
		{34BFE432-CBF7-4DC4-9F7D-45BEC5024D5F}.Debug|x64.Build.0 = Debug|x64
		{34BFE432-CBF7-4DC4-9F7D-45BEC5024D5F}.Debug|x86.ActiveCfg = Debug|Win32
		{34BFE432-CBF7-4DC4-9F7D-45BEC5024D5F}.Debug|x86.Build.0 = Debug|Win32
		{34BFE432-CBF7-4DC4-9F7D-45BEC5024D5F}.Release|x64.ActiveCfg = Release|x64
		{34BFE432-CBF7-4DC4-9F7D-45BEC5024D5F}.Release|x64.Build.0 = Release|x64
		{34BFE432-CBF7-4DC4-9F7D-45BEC5024D5F}.Release|x86.ActiveCfg = Release|Win32
		{34BFE432-CBF7-4DC4-9F7D-45BEC5024D5F}.Release|x86.Build.0 = Release|Win32
	EndGlobalSection
	GlobalSection(SolutionProperties) = preSolution
		HideSolutionNode = FALSE
	EndGlobalSection
	GlobalSection(ExtensibilityGlobals) = postSolution
		SolutionGuid = {8EA8AED5-1522-40DE-816A-D55294C36D25}
	EndGlobalSection
EndGlobal
